// !$*UTF8*$!
{
	archiveVersion = 1;
	classes = {
	};
	objectVersion = 56;
	objects = {

/* Begin PBXBuildFile section */
		F65462972B013F7F009EC37F /* ImageCinemaVM.swift in Sources */ = {isa = PBXBuildFile; fileRef = F65462962B013F7F009EC37F /* ImageCinemaVM.swift */; };
		F65462992B014229009EC37F /* CinemaDetailView.swift in Sources */ = {isa = PBXBuildFile; fileRef = F65462982B014229009EC37F /* CinemaDetailView.swift */; };
		F654629B2B015FAC009EC37F /* AsyncImageView.swift in Sources */ = {isa = PBXBuildFile; fileRef = F654629A2B015FAC009EC37F /* AsyncImageView.swift */; };
		F65462A22B027BC7009EC37F /* CinemaCardView.swift in Sources */ = {isa = PBXBuildFile; fileRef = F65462A12B027BC7009EC37F /* CinemaCardView.swift */; };
		F66C55422AFE4C1F0042F6D2 /* CinemaAppApp.swift in Sources */ = {isa = PBXBuildFile; fileRef = F66C55412AFE4C1F0042F6D2 /* CinemaAppApp.swift */; };
		F66C55442AFE4C1F0042F6D2 /* CinemaListView.swift in Sources */ = {isa = PBXBuildFile; fileRef = F66C55432AFE4C1F0042F6D2 /* CinemaListView.swift */; };
		F66C55462AFE4C200042F6D2 /* Assets.xcassets in Resources */ = {isa = PBXBuildFile; fileRef = F66C55452AFE4C200042F6D2 /* Assets.xcassets */; };
		F66C55492AFE4C200042F6D2 /* Preview Assets.xcassets in Resources */ = {isa = PBXBuildFile; fileRef = F66C55482AFE4C200042F6D2 /* Preview Assets.xcassets */; };
		F66F15A12B0009B800BC71E5 /* CinemaVM.swift in Sources */ = {isa = PBXBuildFile; fileRef = F66F15A02B0009B800BC71E5 /* CinemaVM.swift */; };
		F66F15A32B000F1900BC71E5 /* CinemaModel.swift in Sources */ = {isa = PBXBuildFile; fileRef = F66F15A22B000F1900BC71E5 /* CinemaModel.swift */; };
		F66F15A62B003C1200BC71E5 /* Config.plist in Resources */ = {isa = PBXBuildFile; fileRef = F66F15A52B003C1200BC71E5 /* Config.plist */; };
/* End PBXBuildFile section */

/* Begin PBXFileReference section */
		F65462962B013F7F009EC37F /* ImageCinemaVM.swift */ = {isa = PBXFileReference; lastKnownFileType = sourcecode.swift; path = ImageCinemaVM.swift; sourceTree = "<group>"; };
		F65462982B014229009EC37F /* CinemaDetailView.swift */ = {isa = PBXFileReference; lastKnownFileType = sourcecode.swift; path = CinemaDetailView.swift; sourceTree = "<group>"; };
		F654629A2B015FAC009EC37F /* AsyncImageView.swift */ = {isa = PBXFileReference; lastKnownFileType = sourcecode.swift; path = AsyncImageView.swift; sourceTree = "<group>"; };
		F65462A12B027BC7009EC37F /* CinemaCardView.swift */ = {isa = PBXFileReference; lastKnownFileType = sourcecode.swift; path = CinemaCardView.swift; sourceTree = "<group>"; };
		F66C553E2AFE4C1F0042F6D2 /* CinemaApp.app */ = {isa = PBXFileReference; explicitFileType = wrapper.application; includeInIndex = 0; path = CinemaApp.app; sourceTree = BUILT_PRODUCTS_DIR; };
		F66C55412AFE4C1F0042F6D2 /* CinemaAppApp.swift */ = {isa = PBXFileReference; lastKnownFileType = sourcecode.swift; path = CinemaAppApp.swift; sourceTree = "<group>"; };
		F66C55432AFE4C1F0042F6D2 /* CinemaListView.swift */ = {isa = PBXFileReference; lastKnownFileType = sourcecode.swift; path = CinemaListView.swift; sourceTree = "<group>"; };
		F66C55452AFE4C200042F6D2 /* Assets.xcassets */ = {isa = PBXFileReference; lastKnownFileType = folder.assetcatalog; path = Assets.xcassets; sourceTree = "<group>"; };
		F66C55482AFE4C200042F6D2 /* Preview Assets.xcassets */ = {isa = PBXFileReference; lastKnownFileType = folder.assetcatalog; path = "Preview Assets.xcassets"; sourceTree = "<group>"; };
		F66F15A02B0009B800BC71E5 /* CinemaVM.swift */ = {isa = PBXFileReference; lastKnownFileType = sourcecode.swift; path = CinemaVM.swift; sourceTree = "<group>"; };
		F66F15A22B000F1900BC71E5 /* CinemaModel.swift */ = {isa = PBXFileReference; lastKnownFileType = sourcecode.swift; path = CinemaModel.swift; sourceTree = "<group>"; };
		F66F15A52B003C1200BC71E5 /* Config.plist */ = {isa = PBXFileReference; lastKnownFileType = text.plist.xml; path = Config.plist; sourceTree = "<group>"; };
/* End PBXFileReference section */

/* Begin PBXFrameworksBuildPhase section */
		F66C553B2AFE4C1F0042F6D2 /* Frameworks */ = {
			isa = PBXFrameworksBuildPhase;
			buildActionMask = 2147483647;
			files = (
			);
			runOnlyForDeploymentPostprocessing = 0;
		};
/* End PBXFrameworksBuildPhase section */

/* Begin PBXGroup section */
		F654629C2B023654009EC37F /* View */ = {
			isa = PBXGroup;
			children = (
				F66C55432AFE4C1F0042F6D2 /* CinemaListView.swift */,
				F65462982B014229009EC37F /* CinemaDetailView.swift */,
				F654629A2B015FAC009EC37F /* AsyncImageView.swift */,
				F65462A12B027BC7009EC37F /* CinemaCardView.swift */,
			);
			path = View;
			sourceTree = "<group>";
		};
		F654629D2B023676009EC37F /* ViewModel */ = {
			isa = PBXGroup;
			children = (
				F66F15A02B0009B800BC71E5 /* CinemaVM.swift */,
				F65462962B013F7F009EC37F /* ImageCinemaVM.swift */,
			);
			path = ViewModel;
			sourceTree = "<group>";
		};
		F654629E2B02369C009EC37F /* Model */ = {
			isa = PBXGroup;
			children = (
				F66F15A22B000F1900BC71E5 /* CinemaModel.swift */,
			);
			path = Model;
			sourceTree = "<group>";
		};
		F66C55352AFE4C1F0042F6D2 = {
			isa = PBXGroup;
			children = (
				F66C55402AFE4C1F0042F6D2 /* CinemaApp */,
				F66C553F2AFE4C1F0042F6D2 /* Products */,
			);
			sourceTree = "<group>";
		};
		F66C553F2AFE4C1F0042F6D2 /* Products */ = {
			isa = PBXGroup;
			children = (
				F66C553E2AFE4C1F0042F6D2 /* CinemaApp.app */,
			);
			name = Products;
			sourceTree = "<group>";
		};
		F66C55402AFE4C1F0042F6D2 /* CinemaApp */ = {
			isa = PBXGroup;
			children = (
				F66C55412AFE4C1F0042F6D2 /* CinemaAppApp.swift */,
				F654629C2B023654009EC37F /* View */,
				F654629D2B023676009EC37F /* ViewModel */,
				F654629E2B02369C009EC37F /* Model */,
				F66F15A52B003C1200BC71E5 /* Config.plist */,
				F66C55452AFE4C200042F6D2 /* Assets.xcassets */,
				F66C55472AFE4C200042F6D2 /* Preview Content */,
			);
			path = CinemaApp;
			sourceTree = "<group>";
		};
		F66C55472AFE4C200042F6D2 /* Preview Content */ = {
			isa = PBXGroup;
			children = (
				F66C55482AFE4C200042F6D2 /* Preview Assets.xcassets */,
			);
			path = "Preview Content";
			sourceTree = "<group>";
		};
/* End PBXGroup section */

/* Begin PBXNativeTarget section */
		F66C553D2AFE4C1F0042F6D2 /* CinemaApp */ = {
			isa = PBXNativeTarget;
			buildConfigurationList = F66C554C2AFE4C200042F6D2 /* Build configuration list for PBXNativeTarget "CinemaApp" */;
			buildPhases = (
				F66C553A2AFE4C1F0042F6D2 /* Sources */,
				F66C553B2AFE4C1F0042F6D2 /* Frameworks */,
				F66C553C2AFE4C1F0042F6D2 /* Resources */,
			);
			buildRules = (
			);
			dependencies = (
			);
			name = CinemaApp;
			productName = CinemaApp;
			productReference = F66C553E2AFE4C1F0042F6D2 /* CinemaApp.app */;
			productType = "com.apple.product-type.application";
		};
/* End PBXNativeTarget section */

/* Begin PBXProject section */
		F66C55362AFE4C1F0042F6D2 /* Project object */ = {
			isa = PBXProject;
			attributes = {
				BuildIndependentTargetsInParallel = 1;
				LastSwiftUpdateCheck = 1500;
				LastUpgradeCheck = 1500;
				TargetAttributes = {
					F66C553D2AFE4C1F0042F6D2 = {
						CreatedOnToolsVersion = 15.0.1;
					};
				};
			};
			buildConfigurationList = F66C55392AFE4C1F0042F6D2 /* Build configuration list for PBXProject "CinemaApp" */;
			compatibilityVersion = "Xcode 14.0";
			developmentRegion = en;
			hasScannedForEncodings = 0;
			knownRegions = (
				en,
				Base,
			);
			mainGroup = F66C55352AFE4C1F0042F6D2;
			productRefGroup = F66C553F2AFE4C1F0042F6D2 /* Products */;
			projectDirPath = "";
			projectRoot = "";
			targets = (
				F66C553D2AFE4C1F0042F6D2 /* CinemaApp */,
			);
		};
/* End PBXProject section */

/* Begin PBXResourcesBuildPhase section */
		F66C553C2AFE4C1F0042F6D2 /* Resources */ = {
			isa = PBXResourcesBuildPhase;
			buildActionMask = 2147483647;
			files = (
				F66C55492AFE4C200042F6D2 /* Preview Assets.xcassets in Resources */,
				F66F15A62B003C1200BC71E5 /* Config.plist in Resources */,
				F66C55462AFE4C200042F6D2 /* Assets.xcassets in Resources */,
			);
			runOnlyForDeploymentPostprocessing = 0;
		};
/* End PBXResourcesBuildPhase section */

/* Begin PBXSourcesBuildPhase section */
		F66C553A2AFE4C1F0042F6D2 /* Sources */ = {
			isa = PBXSourcesBuildPhase;
			buildActionMask = 2147483647;
			files = (
				F65462992B014229009EC37F /* CinemaDetailView.swift in Sources */,
				F65462A22B027BC7009EC37F /* CinemaCardView.swift in Sources */,
				F66F15A12B0009B800BC71E5 /* CinemaVM.swift in Sources */,
				F66C55442AFE4C1F0042F6D2 /* CinemaListView.swift in Sources */,
				F66F15A32B000F1900BC71E5 /* CinemaModel.swift in Sources */,
				F66C55422AFE4C1F0042F6D2 /* CinemaAppApp.swift in Sources */,
				F65462972B013F7F009EC37F /* ImageCinemaVM.swift in Sources */,
				F654629B2B015FAC009EC37F /* AsyncImageView.swift in Sources */,
			);
			runOnlyForDeploymentPostprocessing = 0;
		};
/* End PBXSourcesBuildPhase section */

/* Begin XCBuildConfiguration section */
		F66C554A2AFE4C200042F6D2 /* Debug */ = {
			isa = XCBuildConfiguration;
			buildSettings = {
				ALWAYS_SEARCH_USER_PATHS = NO;
				ASSETCATALOG_COMPILER_GENERATE_SWIFT_ASSET_SYMBOL_EXTENSIONS = YES;
				CLANG_ANALYZER_NONNULL = YES;
				CLANG_ANALYZER_NUMBER_OBJECT_CONVERSION = YES_AGGRESSIVE;
				CLANG_CXX_LANGUAGE_STANDARD = "gnu++20";
				CLANG_ENABLE_MODULES = YES;
				CLANG_ENABLE_OBJC_ARC = YES;
				CLANG_ENABLE_OBJC_WEAK = YES;
				CLANG_WARN_BLOCK_CAPTURE_AUTORELEASING = YES;
				CLANG_WARN_BOOL_CONVERSION = YES;
				CLANG_WARN_COMMA = YES;
				CLANG_WARN_CONSTANT_CONVERSION = YES;
				CLANG_WARN_DEPRECATED_OBJC_IMPLEMENTATIONS = YES;
				CLANG_WARN_DIRECT_OBJC_ISA_USAGE = YES_ERROR;
				CLANG_WARN_DOCUMENTATION_COMMENTS = YES;
				CLANG_WARN_EMPTY_BODY = YES;
				CLANG_WARN_ENUM_CONVERSION = YES;
				CLANG_WARN_INFINITE_RECURSION = YES;
				CLANG_WARN_INT_CONVERSION = YES;
				CLANG_WARN_NON_LITERAL_NULL_CONVERSION = YES;
				CLANG_WARN_OBJC_IMPLICIT_RETAIN_SELF = YES;
				CLANG_WARN_OBJC_LITERAL_CONVERSION = YES;
				CLANG_WARN_OBJC_ROOT_CLASS = YES_ERROR;
				CLANG_WARN_QUOTED_INCLUDE_IN_FRAMEWORK_HEADER = YES;
				CLANG_WARN_RANGE_LOOP_ANALYSIS = YES;
				CLANG_WARN_STRICT_PROTOTYPES = YES;
				CLANG_WARN_SUSPICIOUS_MOVE = YES;
				CLANG_WARN_UNGUARDED_AVAILABILITY = YES_AGGRESSIVE;
				CLANG_WARN_UNREACHABLE_CODE = YES;
				CLANG_WARN__DUPLICATE_METHOD_MATCH = YES;
				COPY_PHASE_STRIP = NO;
				DEBUG_INFORMATION_FORMAT = dwarf;
				ENABLE_STRICT_OBJC_MSGSEND = YES;
				ENABLE_TESTABILITY = YES;
				ENABLE_USER_SCRIPT_SANDBOXING = YES;
				GCC_C_LANGUAGE_STANDARD = gnu17;
				GCC_DYNAMIC_NO_PIC = NO;
				GCC_NO_COMMON_BLOCKS = YES;
				GCC_OPTIMIZATION_LEVEL = 0;
				GCC_PREPROCESSOR_DEFINITIONS = (
					"DEBUG=1",
					"$(inherited)",
				);
				GCC_WARN_64_TO_32_BIT_CONVERSION = YES;
				GCC_WARN_ABOUT_RETURN_TYPE = YES_ERROR;
				GCC_WARN_UNDECLARED_SELECTOR = YES;
				GCC_WARN_UNINITIALIZED_AUTOS = YES_AGGRESSIVE;
				GCC_WARN_UNUSED_FUNCTION = YES;
				GCC_WARN_UNUSED_VARIABLE = YES;
				IPHONEOS_DEPLOYMENT_TARGET = 17.0;
				LOCALIZATION_PREFERS_STRING_CATALOGS = YES;
				MTL_ENABLE_DEBUG_INFO = INCLUDE_SOURCE;
				MTL_FAST_MATH = YES;
				ONLY_ACTIVE_ARCH = YES;
				SDKROOT = iphoneos;
				SWIFT_ACTIVE_COMPILATION_CONDITIONS = "DEBUG $(inherited)";
				SWIFT_OPTIMIZATION_LEVEL = "-Onone";
			};
			name = Debug;
		};
		F66C554B2AFE4C200042F6D2 /* Release */ = {
			isa = XCBuildConfiguration;
			buildSettings = {
				ALWAYS_SEARCH_USER_PATHS = NO;
				ASSETCATALOG_COMPILER_GENERATE_SWIFT_ASSET_SYMBOL_EXTENSIONS = YES;
				CLANG_ANALYZER_NONNULL = YES;
				CLANG_ANALYZER_NUMBER_OBJECT_CONVERSION = YES_AGGRESSIVE;
				CLANG_CXX_LANGUAGE_STANDARD = "gnu++20";
				CLANG_ENABLE_MODULES = YES;
				CLANG_ENABLE_OBJC_ARC = YES;
				CLANG_ENABLE_OBJC_WEAK = YES;
				CLANG_WARN_BLOCK_CAPTURE_AUTORELEASING = YES;
				CLANG_WARN_BOOL_CONVERSION = YES;
				CLANG_WARN_COMMA = YES;
				CLANG_WARN_CONSTANT_CONVERSION = YES;
				CLANG_WARN_DEPRECATED_OBJC_IMPLEMENTATIONS = YES;
				CLANG_WARN_DIRECT_OBJC_ISA_USAGE = YES_ERROR;
				CLANG_WARN_DOCUMENTATION_COMMENTS = YES;
				CLANG_WARN_EMPTY_BODY = YES;
				CLANG_WARN_ENUM_CONVERSION = YES;
				CLANG_WARN_INFINITE_RECURSION = YES;
				CLANG_WARN_INT_CONVERSION = YES;
				CLANG_WARN_NON_LITERAL_NULL_CONVERSION = YES;
				CLANG_WARN_OBJC_IMPLICIT_RETAIN_SELF = YES;
				CLANG_WARN_OBJC_LITERAL_CONVERSION = YES;
				CLANG_WARN_OBJC_ROOT_CLASS = YES_ERROR;
				CLANG_WARN_QUOTED_INCLUDE_IN_FRAMEWORK_HEADER = YES;
				CLANG_WARN_RANGE_LOOP_ANALYSIS = YES;
				CLANG_WARN_STRICT_PROTOTYPES = YES;
				CLANG_WARN_SUSPICIOUS_MOVE = YES;
				CLANG_WARN_UNGUARDED_AVAILABILITY = YES_AGGRESSIVE;
				CLANG_WARN_UNREACHABLE_CODE = YES;
				CLANG_WARN__DUPLICATE_METHOD_MATCH = YES;
				COPY_PHASE_STRIP = NO;
				DEBUG_INFORMATION_FORMAT = "dwarf-with-dsym";
				ENABLE_NS_ASSERTIONS = NO;
				ENABLE_STRICT_OBJC_MSGSEND = YES;
				ENABLE_USER_SCRIPT_SANDBOXING = YES;
				GCC_C_LANGUAGE_STANDARD = gnu17;
				GCC_NO_COMMON_BLOCKS = YES;
				GCC_WARN_64_TO_32_BIT_CONVERSION = YES;
				GCC_WARN_ABOUT_RETURN_TYPE = YES_ERROR;
				GCC_WARN_UNDECLARED_SELECTOR = YES;
				GCC_WARN_UNINITIALIZED_AUTOS = YES_AGGRESSIVE;
				GCC_WARN_UNUSED_FUNCTION = YES;
				GCC_WARN_UNUSED_VARIABLE = YES;
				IPHONEOS_DEPLOYMENT_TARGET = 17.0;
				LOCALIZATION_PREFERS_STRING_CATALOGS = YES;
				MTL_ENABLE_DEBUG_INFO = NO;
				MTL_FAST_MATH = YES;
				SDKROOT = iphoneos;
				SWIFT_COMPILATION_MODE = wholemodule;
				VALIDATE_PRODUCT = YES;
			};
			name = Release;
		};
		F66C554D2AFE4C200042F6D2 /* Debug */ = {
			isa = XCBuildConfiguration;
			buildSettings = {
				ASSETCATALOG_COMPILER_APPICON_NAME = AppIcon;
				ASSETCATALOG_COMPILER_GLOBAL_ACCENT_COLOR_NAME = AccentColor;
				CODE_SIGN_STYLE = Automatic;
				CURRENT_PROJECT_VERSION = 1;
				DEVELOPMENT_ASSET_PATHS = "\"CinemaApp/Preview Content\"";
				DEVELOPMENT_TEAM = 9495ZGT5QK;
				ENABLE_PREVIEWS = YES;
				GENERATE_INFOPLIST_FILE = YES;
				INFOPLIST_KEY_UIApplicationSceneManifest_Generation = YES;
				INFOPLIST_KEY_UIApplicationSupportsIndirectInputEvents = YES;
				INFOPLIST_KEY_UILaunchScreen_Generation = YES;
				INFOPLIST_KEY_UISupportedInterfaceOrientations = UIInterfaceOrientationPortrait;
				INFOPLIST_KEY_UISupportedInterfaceOrientations_iPad = "UIInterfaceOrientationPortrait UIInterfaceOrientationPortraitUpsideDown";
				IPHONEOS_DEPLOYMENT_TARGET = 15.0;
				LD_RUNPATH_SEARCH_PATHS = (
					"$(inherited)",
					"@executable_path/Frameworks",
				);
				MARKETING_VERSION = 1.0;
				PRODUCT_BUNDLE_IDENTIFIER = com.kub.CinemaApp;
				PRODUCT_NAME = "$(TARGET_NAME)";
				SWIFT_EMIT_LOC_STRINGS = YES;
				SWIFT_VERSION = 5.0;
				TARGETED_DEVICE_FAMILY = "1,2";
			};
			name = Debug;
		};
		F66C554E2AFE4C200042F6D2 /* Release */ = {
			isa = XCBuildConfiguration;
			buildSettings = {
				ASSETCATALOG_COMPILER_APPICON_NAME = AppIcon;
				ASSETCATALOG_COMPILER_GLOBAL_ACCENT_COLOR_NAME = AccentColor;
				CODE_SIGN_STYLE = Automatic;
				CURRENT_PROJECT_VERSION = 1;
				DEVELOPMENT_ASSET_PATHS = "\"CinemaApp/Preview Content\"";
				DEVELOPMENT_TEAM = 9495ZGT5QK;
				ENABLE_PREVIEWS = YES;
				GENERATE_INFOPLIST_FILE = YES;
				INFOPLIST_KEY_UIApplicationSceneManifest_Generation = YES;
				INFOPLIST_KEY_UIApplicationSupportsIndirectInputEvents = YES;
				INFOPLIST_KEY_UILaunchScreen_Generation = YES;
				INFOPLIST_KEY_UISupportedInterfaceOrientations = UIInterfaceOrientationPortrait;
				INFOPLIST_KEY_UISupportedInterfaceOrientations_iPad = "UIInterfaceOrientationPortrait UIInterfaceOrientationPortraitUpsideDown";
				IPHONEOS_DEPLOYMENT_TARGET = 15.0;
				LD_RUNPATH_SEARCH_PATHS = (
					"$(inherited)",
					"@executable_path/Frameworks",
				);
				MARKETING_VERSION = 1.0;
				PRODUCT_BUNDLE_IDENTIFIER = com.kub.CinemaApp;
				PRODUCT_NAME = "$(TARGET_NAME)";
				SWIFT_EMIT_LOC_STRINGS = YES;
				SWIFT_VERSION = 5.0;
				TARGETED_DEVICE_FAMILY = "1,2";
			};
			name = Release;
		};
/* End XCBuildConfiguration section */

/* Begin XCConfigurationList section */
		F66C55392AFE4C1F0042F6D2 /* Build configuration list for PBXProject "CinemaApp" */ = {
			isa = XCConfigurationList;
			buildConfigurations = (
				F66C554A2AFE4C200042F6D2 /* Debug */,
				F66C554B2AFE4C200042F6D2 /* Release */,
			);
			defaultConfigurationIsVisible = 0;
			defaultConfigurationName = Release;
		};
		F66C554C2AFE4C200042F6D2 /* Build configuration list for PBXNativeTarget "CinemaApp" */ = {
			isa = XCConfigurationList;
			buildConfigurations = (
				F66C554D2AFE4C200042F6D2 /* Debug */,
				F66C554E2AFE4C200042F6D2 /* Release */,
			);
			defaultConfigurationIsVisible = 0;
			defaultConfigurationName = Release;
		};
/* End XCConfigurationList section */
	};
	rootObject = F66C55362AFE4C1F0042F6D2 /* Project object */;
}
